
Microsoft Visual Studio Solution File, Format Version 12.00
# Visual Studio 15
VisualStudioVersion = 15.0.27130.2010
MinimumVisualStudioVersion = 10.0.40219.1
Project("{FAE04EC0-301F-11D3-BF4B-00C04F79EFBC}") = "DataStructures", "DataStructures\DataStructures.csproj", "{46F30207-F2B7-495C-85D5-8D431CFBD0BA}"
EndProject
Global
	GlobalSection(SolutionConfigurationPlatforms) = preSolution
		Debug|Any CPU = Debug|Any CPU
		Release|Any CPU = Release|Any CPU
	EndGlobalSection
	GlobalSection(ProjectConfigurationPlatforms) = postSolution
		{46F30207-F2B7-495C-85D5-8D431CFBD0BA}.Debug|Any CPU.ActiveCfg = Debug|Any CPU
		{46F30207-F2B7-495C-85D5-8D431CFBD0BA}.Debug|Any CPU.Build.0 = Debug|Any CPU
		{46F30207-F2B7-495C-85D5-8D431CFBD0BA}.Release|Any CPU.ActiveCfg = Release|Any CPU
		{46F30207-F2B7-495C-85D5-8D431CFBD0BA}.Release|Any CPU.Build.0 = Release|Any CPU
	EndGlobalSection
	GlobalSection(SolutionProperties) = preSolution
		HideSolutionNode = FALSE
	EndGlobalSection
	GlobalSection(ExtensibilityGlobals) = postSolution
		SolutionGuid = {57A8F959-6FC2-4BD5-B3F3-9C4304D7DE30}
	EndGlobalSection
EndGlobal
